# This file is autogenerated, do not edit; changes may be undone by the next 'dep ensure'.


[[projects]]
  name = "github.com/aws/aws-lambda-go"
  packages = [
    "events",
    "lambda",
    "lambda/messages",
    "lambdacontext"
  ]
  revision = "fafa7e49388b8991caf99308e80655ba91816b72"
  version = "v1.1.0"

[[projects]]
  name = "github.com/vinta/pangu"
  packages = ["."]
  revision = "f1cdb73eaf33f9057f38302f610a021bbca5b46a"
  version = "v3.0.0"

[solve-meta]
  analyzer-name = "dep"
  analyzer-version = 1
  inputs-digest = "1b12509869ace6177ae4448ca436682980bde2ef48d3403c0a5c20e20975421c"
  solver-name = "gps-cdcl"
  solver-version = 1
